
Microsoft Visual Studio Solution File, Format Version 12.00
# Visual Studio Version 16
VisualStudioVersion = 16.0.31829.152
MinimumVisualStudioVersion = 10.0.40219.1
Project("{FAE04EC0-301F-11D3-BF4B-00C04F79EFBC}") = "eCommerce.API", "src\eCommerce.API\eCommerce.API.csproj", "{F4A1E04F-80CD-4CC0-BAE2-0B022BF01C4A}"
EndProject
Global
	GlobalSection(SolutionConfigurationPlatforms) = preSolution
		Debug|Any CPU = Debug|Any CPU
		Release|Any CPU = Release|Any CPU
	EndGlobalSection
	GlobalSection(ProjectConfigurationPlatforms) = postSolution
		{F4A1E04F-80CD-4CC0-BAE2-0B022BF01C4A}.Debug|Any CPU.ActiveCfg = Debug|Any CPU
		{F4A1E04F-80CD-4CC0-BAE2-0B022BF01C4A}.Debug|Any CPU.Build.0 = Debug|Any CPU
		{F4A1E04F-80CD-4CC0-BAE2-0B022BF01C4A}.Release|Any CPU.ActiveCfg = Release|Any CPU
		{F4A1E04F-80CD-4CC0-BAE2-0B022BF01C4A}.Release|Any CPU.Build.0 = Release|Any CPU
	EndGlobalSection
	GlobalSection(SolutionProperties) = preSolution
		HideSolutionNode = FALSE
	EndGlobalSection
	GlobalSection(ExtensibilityGlobals) = postSolution
		SolutionGuid = {BF95B0ED-AED9-4B8C-A05E-D3D49721FCB0}
	EndGlobalSection
EndGlobal
